
Microsoft Visual Studio Solution File, Format Version 12.00
# Visual Studio Version 17
VisualStudioVersion = 17.14.36221.1
MinimumVisualStudioVersion = 10.0.40219.1
Project("{FAE04EC0-301F-11D3-BF4B-00C04F79EFBC}") = "WpfApp1", "WpfApp1\WpfApp1.csproj", "{248D94FF-279F-4E62-A14C-208CEF8B852D}"
EndProject
Project("{FAE04EC0-301F-11D3-BF4B-00C04F79EFBC}") = "Test", "Test\Test.csproj", "{318B5423-9DBF-4351-B69E-54DA593C0ECD}"
EndProject
Project("{FAE04EC0-301F-11D3-BF4B-00C04F79EFBC}") = "Test2", "Test2\Test2.csproj", "{F9EE82A8-2931-4189-B93C-FB7560B53D08}"
EndProject
Global
	GlobalSection(SolutionConfigurationPlatforms) = preSolution
		Debug|Any CPU = Debug|Any CPU
		Release|Any CPU = Release|Any CPU
	EndGlobalSection
	GlobalSection(ProjectConfigurationPlatforms) = postSolution
		{248D94FF-279F-4E62-A14C-208CEF8B852D}.Debug|Any CPU.ActiveCfg = Debug|Any CPU
		{248D94FF-279F-4E62-A14C-208CEF8B852D}.Debug|Any CPU.Build.0 = Debug|Any CPU
		{248D94FF-279F-4E62-A14C-208CEF8B852D}.Release|Any CPU.ActiveCfg = Release|Any CPU
		{248D94FF-279F-4E62-A14C-208CEF8B852D}.Release|Any CPU.Build.0 = Release|Any CPU
		{318B5423-9DBF-4351-B69E-54DA593C0ECD}.Debug|Any CPU.ActiveCfg = Debug|Any CPU
		{318B5423-9DBF-4351-B69E-54DA593C0ECD}.Debug|Any CPU.Build.0 = Debug|Any CPU
		{318B5423-9DBF-4351-B69E-54DA593C0ECD}.Release|Any CPU.ActiveCfg = Release|Any CPU
		{318B5423-9DBF-4351-B69E-54DA593C0ECD}.Release|Any CPU.Build.0 = Release|Any CPU
		{F9EE82A8-2931-4189-B93C-FB7560B53D08}.Debug|Any CPU.ActiveCfg = Debug|Any CPU
		{F9EE82A8-2931-4189-B93C-FB7560B53D08}.Debug|Any CPU.Build.0 = Debug|Any CPU
		{F9EE82A8-2931-4189-B93C-FB7560B53D08}.Release|Any CPU.ActiveCfg = Release|Any CPU
		{F9EE82A8-2931-4189-B93C-FB7560B53D08}.Release|Any CPU.Build.0 = Release|Any CPU
	EndGlobalSection
	GlobalSection(SolutionProperties) = preSolution
		HideSolutionNode = FALSE
	EndGlobalSection
	GlobalSection(ExtensibilityGlobals) = postSolution
		SolutionGuid = {D3163362-3BC6-419D-8D14-FA0627F69371}
	EndGlobalSection
EndGlobal
